// !$*UTF8*$!
{
	archiveVersion = 1;
	classes = {
	};
	objectVersion = 46;
	objects = {

/* Begin PBXBuildFile section */
		111D00A61D84063400161A57 /* AppDelegate.swift in Sources */ = {isa = PBXBuildFile; fileRef = 111D00A51D84063400161A57 /* AppDelegate.swift */; };
		111D00A81D84063400161A57 /* ViewController.swift in Sources */ = {isa = PBXBuildFile; fileRef = 111D00A71D84063400161A57 /* ViewController.swift */; };
		111D00AB1D84063400161A57 /* Main.storyboard in Resources */ = {isa = PBXBuildFile; fileRef = 111D00A91D84063400161A57 /* Main.storyboard */; };
		111D00AD1D84063400161A57 /* Assets.xcassets in Resources */ = {isa = PBXBuildFile; fileRef = 111D00AC1D84063400161A57 /* Assets.xcassets */; };
		111D00B01D84063400161A57 /* LaunchScreen.storyboard in Resources */ = {isa = PBXBuildFile; fileRef = 111D00AE1D84063400161A57 /* LaunchScreen.storyboard */; };
		112044391D856F4F00AC6679 /* Interface.storyboard in Resources */ = {isa = PBXBuildFile; fileRef = 112044371D856F4F00AC6679 /* Interface.storyboard */; };
		1120443B1D856F4F00AC6679 /* Assets.xcassets in Resources */ = {isa = PBXBuildFile; fileRef = 1120443A1D856F4F00AC6679 /* Assets.xcassets */; };
		112044421D856F4F00AC6679 /* DrinkableWatch Extension.appex in Embed App Extensions */ = {isa = PBXBuildFile; fileRef = 112044411D856F4F00AC6679 /* DrinkableWatch Extension.appex */; settings = {ATTRIBUTES = (RemoveHeadersOnCopy, ); }; };
		112044491D856F4F00AC6679 /* InterfaceController.swift in Sources */ = {isa = PBXBuildFile; fileRef = 112044481D856F4F00AC6679 /* InterfaceController.swift */; };
		1120444B1D856F4F00AC6679 /* ExtensionDelegate.swift in Sources */ = {isa = PBXBuildFile; fileRef = 1120444A1D856F4F00AC6679 /* ExtensionDelegate.swift */; };
		1120444D1D856F4F00AC6679 /* NotificationController.swift in Sources */ = {isa = PBXBuildFile; fileRef = 1120444C1D856F4F00AC6679 /* NotificationController.swift */; };
		1120444F1D856F4F00AC6679 /* Assets.xcassets in Resources */ = {isa = PBXBuildFile; fileRef = 1120444E1D856F4F00AC6679 /* Assets.xcassets */; };
		112044531D856F4F00AC6679 /* DrinkableWatch.app in Embed Watch Content */ = {isa = PBXBuildFile; fileRef = 112044351D856F4F00AC6679 /* DrinkableWatch.app */; };
		1120445D1D85A2D400AC6679 /* MenuVC.swift in Sources */ = {isa = PBXBuildFile; fileRef = 1120445C1D85A2D400AC6679 /* MenuVC.swift */; };
		B1A2D4302FA4D2C0C27D4F2F /* Pods_Drinkable.framework in Frameworks */ = {isa = PBXBuildFile; fileRef = 42F0501F094F492FC3BC6A6E /* Pods_Drinkable.framework */; };
/* End PBXBuildFile section */

/* Begin PBXContainerItemProxy section */
		112044431D856F4F00AC6679 /* PBXContainerItemProxy */ = {
			isa = PBXContainerItemProxy;
			containerPortal = 111D009A1D84063400161A57 /* Project object */;
			proxyType = 1;
			remoteGlobalIDString = 112044401D856F4F00AC6679;
			remoteInfo = "DrinkableWatch Extension";
		};
		112044511D856F4F00AC6679 /* PBXContainerItemProxy */ = {
			isa = PBXContainerItemProxy;
			containerPortal = 111D009A1D84063400161A57 /* Project object */;
			proxyType = 1;
			remoteGlobalIDString = 112044341D856F4F00AC6679;
			remoteInfo = DrinkableWatch;
		};
/* End PBXContainerItemProxy section */

/* Begin PBXCopyFilesBuildPhase section */
		112044591D856F4F00AC6679 /* Embed App Extensions */ = {
			isa = PBXCopyFilesBuildPhase;
			buildActionMask = 2147483647;
			dstPath = "";
			dstSubfolderSpec = 13;
			files = (
				112044421D856F4F00AC6679 /* DrinkableWatch Extension.appex in Embed App Extensions */,
			);
			name = "Embed App Extensions";
			runOnlyForDeploymentPostprocessing = 0;
		};
		1120445B1D856F4F00AC6679 /* Embed Watch Content */ = {
			isa = PBXCopyFilesBuildPhase;
			buildActionMask = 2147483647;
			dstPath = "$(CONTENTS_FOLDER_PATH)/Watch";
			dstSubfolderSpec = 16;
			files = (
				112044531D856F4F00AC6679 /* DrinkableWatch.app in Embed Watch Content */,
			);
			name = "Embed Watch Content";
			runOnlyForDeploymentPostprocessing = 0;
		};
/* End PBXCopyFilesBuildPhase section */

/* Begin PBXFileReference section */
		0EFAA700E3EC092BA5A53203 /* Pods-Drinkable.release.xcconfig */ = {isa = PBXFileReference; includeInIndex = 1; lastKnownFileType = text.xcconfig; name = "Pods-Drinkable.release.xcconfig"; path = "Pods/Target Support Files/Pods-Drinkable/Pods-Drinkable.release.xcconfig"; sourceTree = "<group>"; };
		111D00A21D84063400161A57 /* Drinkable.app */ = {isa = PBXFileReference; explicitFileType = wrapper.application; includeInIndex = 0; path = Drinkable.app; sourceTree = BUILT_PRODUCTS_DIR; };
		111D00A51D84063400161A57 /* AppDelegate.swift */ = {isa = PBXFileReference; lastKnownFileType = sourcecode.swift; path = AppDelegate.swift; sourceTree = "<group>"; };
		111D00A71D84063400161A57 /* ViewController.swift */ = {isa = PBXFileReference; lastKnownFileType = sourcecode.swift; path = ViewController.swift; sourceTree = "<group>"; };
		111D00AA1D84063400161A57 /* Base */ = {isa = PBXFileReference; lastKnownFileType = file.storyboard; name = Base; path = Base.lproj/Main.storyboard; sourceTree = "<group>"; };
		111D00AC1D84063400161A57 /* Assets.xcassets */ = {isa = PBXFileReference; lastKnownFileType = folder.assetcatalog; path = Assets.xcassets; sourceTree = "<group>"; };
		111D00AF1D84063400161A57 /* Base */ = {isa = PBXFileReference; lastKnownFileType = file.storyboard; name = Base; path = Base.lproj/LaunchScreen.storyboard; sourceTree = "<group>"; };
		111D00B11D84063400161A57 /* Info.plist */ = {isa = PBXFileReference; lastKnownFileType = text.plist.xml; path = Info.plist; sourceTree = "<group>"; };
		112044351D856F4F00AC6679 /* DrinkableWatch.app */ = {isa = PBXFileReference; explicitFileType = wrapper.application; includeInIndex = 0; path = DrinkableWatch.app; sourceTree = BUILT_PRODUCTS_DIR; };
		112044381D856F4F00AC6679 /* Base */ = {isa = PBXFileReference; lastKnownFileType = file.storyboard; name = Base; path = Base.lproj/Interface.storyboard; sourceTree = "<group>"; };
		1120443A1D856F4F00AC6679 /* Assets.xcassets */ = {isa = PBXFileReference; lastKnownFileType = folder.assetcatalog; path = Assets.xcassets; sourceTree = "<group>"; };
		1120443C1D856F4F00AC6679 /* Info.plist */ = {isa = PBXFileReference; lastKnownFileType = text.plist.xml; path = Info.plist; sourceTree = "<group>"; };
		112044411D856F4F00AC6679 /* DrinkableWatch Extension.appex */ = {isa = PBXFileReference; explicitFileType = "wrapper.app-extension"; includeInIndex = 0; path = "DrinkableWatch Extension.appex"; sourceTree = BUILT_PRODUCTS_DIR; };
		112044471D856F4F00AC6679 /* PushNotificationPayload.apns */ = {isa = PBXFileReference; lastKnownFileType = text; path = PushNotificationPayload.apns; sourceTree = "<group>"; };
		112044481D856F4F00AC6679 /* InterfaceController.swift */ = {isa = PBXFileReference; lastKnownFileType = sourcecode.swift; path = InterfaceController.swift; sourceTree = "<group>"; };
		1120444A1D856F4F00AC6679 /* ExtensionDelegate.swift */ = {isa = PBXFileReference; lastKnownFileType = sourcecode.swift; path = ExtensionDelegate.swift; sourceTree = "<group>"; };
		1120444C1D856F4F00AC6679 /* NotificationController.swift */ = {isa = PBXFileReference; lastKnownFileType = sourcecode.swift; path = NotificationController.swift; sourceTree = "<group>"; };
		1120444E1D856F4F00AC6679 /* Assets.xcassets */ = {isa = PBXFileReference; lastKnownFileType = folder.assetcatalog; path = Assets.xcassets; sourceTree = "<group>"; };
		112044501D856F4F00AC6679 /* Info.plist */ = {isa = PBXFileReference; lastKnownFileType = text.plist.xml; path = Info.plist; sourceTree = "<group>"; };
		1120445C1D85A2D400AC6679 /* MenuVC.swift */ = {isa = PBXFileReference; fileEncoding = 4; lastKnownFileType = sourcecode.swift; path = MenuVC.swift; sourceTree = "<group>"; };
		42F0501F094F492FC3BC6A6E /* Pods_Drinkable.framework */ = {isa = PBXFileReference; explicitFileType = wrapper.framework; includeInIndex = 0; path = Pods_Drinkable.framework; sourceTree = BUILT_PRODUCTS_DIR; };
		A5E5D3F401CA6C17EED9508E /* Pods-Drinkable.debug.xcconfig */ = {isa = PBXFileReference; includeInIndex = 1; lastKnownFileType = text.xcconfig; name = "Pods-Drinkable.debug.xcconfig"; path = "Pods/Target Support Files/Pods-Drinkable/Pods-Drinkable.debug.xcconfig"; sourceTree = "<group>"; };
/* End PBXFileReference section */

/* Begin PBXFrameworksBuildPhase section */
		111D009F1D84063400161A57 /* Frameworks */ = {
			isa = PBXFrameworksBuildPhase;
			buildActionMask = 2147483647;
			files = (
				B1A2D4302FA4D2C0C27D4F2F /* Pods_Drinkable.framework in Frameworks */,
			);
			runOnlyForDeploymentPostprocessing = 0;
		};
		1120443E1D856F4F00AC6679 /* Frameworks */ = {
			isa = PBXFrameworksBuildPhase;
			buildActionMask = 2147483647;
			files = (
			);
			runOnlyForDeploymentPostprocessing = 0;
		};
		3292A27863BE6D3BD899E21E /* Frameworks */ = {
			isa = PBXFrameworksBuildPhase;
			buildActionMask = 2147483647;
			files = (
			);
			runOnlyForDeploymentPostprocessing = 0;
		};
/* End PBXFrameworksBuildPhase section */

/* Begin PBXGroup section */
		111D00991D84063400161A57 = {
			isa = PBXGroup;
			children = (
				111D00A41D84063400161A57 /* Drinkable */,
				112044361D856F4F00AC6679 /* DrinkableWatch */,
				112044451D856F4F00AC6679 /* DrinkableWatch Extension */,
				111D00A31D84063400161A57 /* Products */,
				7500825F2E66CA9F20FB6D79 /* Pods */,
				8F681F1A728369EF0F62606B /* Frameworks */,
			);
			sourceTree = "<group>";
		};
		111D00A31D84063400161A57 /* Products */ = {
			isa = PBXGroup;
			children = (
				111D00A21D84063400161A57 /* Drinkable.app */,
				112044351D856F4F00AC6679 /* DrinkableWatch.app */,
				112044411D856F4F00AC6679 /* DrinkableWatch Extension.appex */,
			);
			name = Products;
			sourceTree = "<group>";
		};
		111D00A41D84063400161A57 /* Drinkable */ = {
			isa = PBXGroup;
			children = (
				111D00BB1D84914200161A57 /* Controller */,
				111D00A51D84063400161A57 /* AppDelegate.swift */,
				111D00A91D84063400161A57 /* Main.storyboard */,
				111D00AC1D84063400161A57 /* Assets.xcassets */,
				111D00AE1D84063400161A57 /* LaunchScreen.storyboard */,
				111D00B11D84063400161A57 /* Info.plist */,
			);
			path = Drinkable;
			sourceTree = "<group>";
		};
		111D00BB1D84914200161A57 /* Controller */ = {
			isa = PBXGroup;
			children = (
				111D00A71D84063400161A57 /* ViewController.swift */,
				1120445C1D85A2D400AC6679 /* MenuVC.swift */,
			);
			name = Controller;
			sourceTree = "<group>";
		};
		112044361D856F4F00AC6679 /* DrinkableWatch */ = {
			isa = PBXGroup;
			children = (
				112044371D856F4F00AC6679 /* Interface.storyboard */,
				1120443A1D856F4F00AC6679 /* Assets.xcassets */,
				1120443C1D856F4F00AC6679 /* Info.plist */,
			);
			path = DrinkableWatch;
			sourceTree = "<group>";
		};
		112044451D856F4F00AC6679 /* DrinkableWatch Extension */ = {
			isa = PBXGroup;
			children = (
				112044481D856F4F00AC6679 /* InterfaceController.swift */,
				1120444A1D856F4F00AC6679 /* ExtensionDelegate.swift */,
				1120444C1D856F4F00AC6679 /* NotificationController.swift */,
				1120444E1D856F4F00AC6679 /* Assets.xcassets */,
				112044501D856F4F00AC6679 /* Info.plist */,
				112044461D856F4F00AC6679 /* Supporting Files */,
			);
			path = "DrinkableWatch Extension";
			sourceTree = "<group>";
		};
		112044461D856F4F00AC6679 /* Supporting Files */ = {
			isa = PBXGroup;
			children = (
				112044471D856F4F00AC6679 /* PushNotificationPayload.apns */,
			);
			name = "Supporting Files";
			sourceTree = "<group>";
		};
		7500825F2E66CA9F20FB6D79 /* Pods */ = {
			isa = PBXGroup;
			children = (
				A5E5D3F401CA6C17EED9508E /* Pods-Drinkable.debug.xcconfig */,
				0EFAA700E3EC092BA5A53203 /* Pods-Drinkable.release.xcconfig */,
			);
			name = Pods;
			sourceTree = "<group>";
		};
		8F681F1A728369EF0F62606B /* Frameworks */ = {
			isa = PBXGroup;
			children = (
				42F0501F094F492FC3BC6A6E /* Pods_Drinkable.framework */,
			);
			name = Frameworks;
			sourceTree = "<group>";
		};
/* End PBXGroup section */

/* Begin PBXNativeTarget section */
		111D00A11D84063400161A57 /* Drinkable */ = {
			isa = PBXNativeTarget;
			buildConfigurationList = 111D00B41D84063400161A57 /* Build configuration list for PBXNativeTarget "Drinkable" */;
			buildPhases = (
				320C8FCBCA11C8E6BE02DF45 /* [CP] Check Pods Manifest.lock */,
				111D009E1D84063400161A57 /* Sources */,
				111D009F1D84063400161A57 /* Frameworks */,
				111D00A01D84063400161A57 /* Resources */,
				4E823EEA2052A7B20142273E /* [CP] Embed Pods Frameworks */,
				60AF6586ABDB96C4DD48505A /* [CP] Copy Pods Resources */,
				1120445B1D856F4F00AC6679 /* Embed Watch Content */,
			);
			buildRules = (
			);
			dependencies = (
				112044521D856F4F00AC6679 /* PBXTargetDependency */,
			);
			name = Drinkable;
			productName = Drinkable;
			productReference = 111D00A21D84063400161A57 /* Drinkable.app */;
			productType = "com.apple.product-type.application";
		};
		112044341D856F4F00AC6679 /* DrinkableWatch */ = {
			isa = PBXNativeTarget;
			buildConfigurationList = 1120445A1D856F4F00AC6679 /* Build configuration list for PBXNativeTarget "DrinkableWatch" */;
			buildPhases = (
				112044331D856F4F00AC6679 /* Resources */,
				112044591D856F4F00AC6679 /* Embed App Extensions */,
				3292A27863BE6D3BD899E21E /* Frameworks */,
			);
			buildRules = (
			);
			dependencies = (
				112044441D856F4F00AC6679 /* PBXTargetDependency */,
			);
			name = DrinkableWatch;
			productName = DrinkableWatch;
			productReference = 112044351D856F4F00AC6679 /* DrinkableWatch.app */;
			productType = "com.apple.product-type.application.watchapp2";
		};
		112044401D856F4F00AC6679 /* DrinkableWatch Extension */ = {
			isa = PBXNativeTarget;
			buildConfigurationList = 112044581D856F4F00AC6679 /* Build configuration list for PBXNativeTarget "DrinkableWatch Extension" */;
			buildPhases = (
				1120443D1D856F4F00AC6679 /* Sources */,
				1120443E1D856F4F00AC6679 /* Frameworks */,
				1120443F1D856F4F00AC6679 /* Resources */,
			);
			buildRules = (
			);
			dependencies = (
			);
			name = "DrinkableWatch Extension";
			productName = "DrinkableWatch Extension";
			productReference = 112044411D856F4F00AC6679 /* DrinkableWatch Extension.appex */;
			productType = "com.apple.product-type.watchkit2-extension";
		};
/* End PBXNativeTarget section */

/* Begin PBXProject section */
		111D009A1D84063400161A57 /* Project object */ = {
			isa = PBXProject;
			attributes = {
				LastSwiftUpdateCheck = 0800;
				LastUpgradeCheck = 0800;
				ORGANIZATIONNAME = "Pavlos Nicolaou";
				TargetAttributes = {
					111D00A11D84063400161A57 = {
						CreatedOnToolsVersion = 8.0;
						DevelopmentTeam = WWK47579VD;
						LastSwiftMigration = 0800;
						ProvisioningStyle = Automatic;
						SystemCapabilities = {
							com.apple.Keychain = {
								enabled = 0;
							};
						};
					};
					112044341D856F4F00AC6679 = {
						CreatedOnToolsVersion = 8.0;
						DevelopmentTeam = WWK47579VD;
						LastSwiftMigration = 0800;
						ProvisioningStyle = Automatic;
					};
					112044401D856F4F00AC6679 = {
						CreatedOnToolsVersion = 8.0;
						DevelopmentTeam = WWK47579VD;
						LastSwiftMigration = 0800;
						ProvisioningStyle = Automatic;
					};
				};
			};
			buildConfigurationList = 111D009D1D84063400161A57 /* Build configuration list for PBXProject "Drinkable" */;
			compatibilityVersion = "Xcode 3.2";
			developmentRegion = English;
			hasScannedForEncodings = 0;
			knownRegions = (
				en,
				Base,
			);
			mainGroup = 111D00991D84063400161A57;
			productRefGroup = 111D00A31D84063400161A57 /* Products */;
			projectDirPath = "";
			projectRoot = "";
			targets = (
				111D00A11D84063400161A57 /* Drinkable */,
				112044341D856F4F00AC6679 /* DrinkableWatch */,
				112044401D856F4F00AC6679 /* DrinkableWatch Extension */,
			);
		};
/* End PBXProject section */

/* Begin PBXResourcesBuildPhase section */
		111D00A01D84063400161A57 /* Resources */ = {
			isa = PBXResourcesBuildPhase;
			buildActionMask = 2147483647;
			files = (
				111D00B01D84063400161A57 /* LaunchScreen.storyboard in Resources */,
				111D00AD1D84063400161A57 /* Assets.xcassets in Resources */,
				111D00AB1D84063400161A57 /* Main.storyboard in Resources */,
			);
			runOnlyForDeploymentPostprocessing = 0;
		};
		112044331D856F4F00AC6679 /* Resources */ = {
			isa = PBXResourcesBuildPhase;
			buildActionMask = 2147483647;
			files = (
				1120443B1D856F4F00AC6679 /* Assets.xcassets in Resources */,
				112044391D856F4F00AC6679 /* Interface.storyboard in Resources */,
			);
			runOnlyForDeploymentPostprocessing = 0;
		};
		1120443F1D856F4F00AC6679 /* Resources */ = {
			isa = PBXResourcesBuildPhase;
			buildActionMask = 2147483647;
			files = (
				1120444F1D856F4F00AC6679 /* Assets.xcassets in Resources */,
			);
			runOnlyForDeploymentPostprocessing = 0;
		};
/* End PBXResourcesBuildPhase section */

/* Begin PBXShellScriptBuildPhase section */
		320C8FCBCA11C8E6BE02DF45 /* [CP] Check Pods Manifest.lock */ = {
			isa = PBXShellScriptBuildPhase;
			buildActionMask = 2147483647;
			files = (
			);
			inputPaths = (
			);
			name = "[CP] Check Pods Manifest.lock";
			outputPaths = (
			);
			runOnlyForDeploymentPostprocessing = 0;
			shellPath = /bin/sh;
			shellScript = "diff \"${PODS_ROOT}/../Podfile.lock\" \"${PODS_ROOT}/Manifest.lock\" > /dev/null\nif [[ $? != 0 ]] ; then\n    cat << EOM\nerror: The sandbox is not in sync with the Podfile.lock. Run 'pod install' or update your CocoaPods installation.\nEOM\n    exit 1\nfi\n";
			showEnvVarsInLog = 0;
		};
		4E823EEA2052A7B20142273E /* [CP] Embed Pods Frameworks */ = {
			isa = PBXShellScriptBuildPhase;
			buildActionMask = 2147483647;
			files = (
			);
			inputPaths = (
			);
			name = "[CP] Embed Pods Frameworks";
			outputPaths = (
			);
			runOnlyForDeploymentPostprocessing = 0;
			shellPath = /bin/sh;
			shellScript = "\"${SRCROOT}/Pods/Target Support Files/Pods-Drinkable/Pods-Drinkable-frameworks.sh\"\n";
			showEnvVarsInLog = 0;
		};
		60AF6586ABDB96C4DD48505A /* [CP] Copy Pods Resources */ = {
			isa = PBXShellScriptBuildPhase;
			buildActionMask = 2147483647;
			files = (
			);
			inputPaths = (
			);
			name = "[CP] Copy Pods Resources";
			outputPaths = (
			);
			runOnlyForDeploymentPostprocessing = 0;
			shellPath = /bin/sh;
			shellScript = "\"${SRCROOT}/Pods/Target Support Files/Pods-Drinkable/Pods-Drinkable-resources.sh\"\n";
			showEnvVarsInLog = 0;
		};
/* End PBXShellScriptBuildPhase section */

/* Begin PBXSourcesBuildPhase section */
		111D009E1D84063400161A57 /* Sources */ = {
			isa = PBXSourcesBuildPhase;
			buildActionMask = 2147483647;
			files = (
				111D00A81D84063400161A57 /* ViewController.swift in Sources */,
				111D00A61D84063400161A57 /* AppDelegate.swift in Sources */,
				1120445D1D85A2D400AC6679 /* MenuVC.swift in Sources */,
			);
			runOnlyForDeploymentPostprocessing = 0;
		};
		1120443D1D856F4F00AC6679 /* Sources */ = {
			isa = PBXSourcesBuildPhase;
			buildActionMask = 2147483647;
			files = (
				1120444D1D856F4F00AC6679 /* NotificationController.swift in Sources */,
				1120444B1D856F4F00AC6679 /* ExtensionDelegate.swift in Sources */,
				112044491D856F4F00AC6679 /* InterfaceController.swift in Sources */,
			);
			runOnlyForDeploymentPostprocessing = 0;
		};
/* End PBXSourcesBuildPhase section */

/* Begin PBXTargetDependency section */
		112044441D856F4F00AC6679 /* PBXTargetDependency */ = {
			isa = PBXTargetDependency;
			target = 112044401D856F4F00AC6679 /* DrinkableWatch Extension */;
			targetProxy = 112044431D856F4F00AC6679 /* PBXContainerItemProxy */;
		};
		112044521D856F4F00AC6679 /* PBXTargetDependency */ = {
			isa = PBXTargetDependency;
			target = 112044341D856F4F00AC6679 /* DrinkableWatch */;
			targetProxy = 112044511D856F4F00AC6679 /* PBXContainerItemProxy */;
		};
/* End PBXTargetDependency section */

/* Begin PBXVariantGroup section */
		111D00A91D84063400161A57 /* Main.storyboard */ = {
			isa = PBXVariantGroup;
			children = (
				111D00AA1D84063400161A57 /* Base */,
			);
			name = Main.storyboard;
			sourceTree = "<group>";
		};
		111D00AE1D84063400161A57 /* LaunchScreen.storyboard */ = {
			isa = PBXVariantGroup;
			children = (
				111D00AF1D84063400161A57 /* Base */,
			);
			name = LaunchScreen.storyboard;
			sourceTree = "<group>";
		};
		112044371D856F4F00AC6679 /* Interface.storyboard */ = {
			isa = PBXVariantGroup;
			children = (
				112044381D856F4F00AC6679 /* Base */,
			);
			name = Interface.storyboard;
			sourceTree = "<group>";
		};
/* End PBXVariantGroup section */

/* Begin XCBuildConfiguration section */
		111D00B21D84063400161A57 /* Debug */ = {
			isa = XCBuildConfiguration;
			buildSettings = {
				ALWAYS_SEARCH_USER_PATHS = NO;
				CLANG_ANALYZER_NONNULL = YES;
				CLANG_CXX_LANGUAGE_STANDARD = "gnu++0x";
				CLANG_CXX_LIBRARY = "libc++";
				CLANG_ENABLE_MODULES = YES;
				CLANG_ENABLE_OBJC_ARC = YES;
				CLANG_WARN_BOOL_CONVERSION = YES;
				CLANG_WARN_CONSTANT_CONVERSION = YES;
				CLANG_WARN_DIRECT_OBJC_ISA_USAGE = YES_ERROR;
				CLANG_WARN_DOCUMENTATION_COMMENTS = YES;
				CLANG_WARN_EMPTY_BODY = YES;
				CLANG_WARN_ENUM_CONVERSION = YES;
				CLANG_WARN_INFINITE_RECURSION = YES;
				CLANG_WARN_INT_CONVERSION = YES;
				CLANG_WARN_OBJC_ROOT_CLASS = YES_ERROR;
				CLANG_WARN_SUSPICIOUS_MOVE = YES;
				CLANG_WARN_SUSPICIOUS_MOVES = YES;
				CLANG_WARN_UNREACHABLE_CODE = YES;
				CLANG_WARN__DUPLICATE_METHOD_MATCH = YES;
				"CODE_SIGN_IDENTITY[sdk=iphoneos*]" = "iPhone Developer";
				COPY_PHASE_STRIP = NO;
				DEBUG_INFORMATION_FORMAT = dwarf;
				ENABLE_STRICT_OBJC_MSGSEND = YES;
				ENABLE_TESTABILITY = YES;
				GCC_C_LANGUAGE_STANDARD = gnu99;
				GCC_DYNAMIC_NO_PIC = NO;
				GCC_NO_COMMON_BLOCKS = YES;
				GCC_OPTIMIZATION_LEVEL = 0;
				GCC_PREPROCESSOR_DEFINITIONS = (
					"DEBUG=1",
					"$(inherited)",
				);
				GCC_WARN_64_TO_32_BIT_CONVERSION = YES;
				GCC_WARN_ABOUT_RETURN_TYPE = YES_ERROR;
				GCC_WARN_UNDECLARED_SELECTOR = YES;
				GCC_WARN_UNINITIALIZED_AUTOS = YES_AGGRESSIVE;
				GCC_WARN_UNUSED_FUNCTION = YES;
				GCC_WARN_UNUSED_VARIABLE = YES;
				IPHONEOS_DEPLOYMENT_TARGET = 10.0;
				MTL_ENABLE_DEBUG_INFO = YES;
				ONLY_ACTIVE_ARCH = YES;
				SDKROOT = iphoneos;
				SWIFT_ACTIVE_COMPILATION_CONDITIONS = DEBUG;
				SWIFT_OPTIMIZATION_LEVEL = "-Onone";
				TARGETED_DEVICE_FAMILY = "1,2";
			};
			name = Debug;
		};
		111D00B31D84063400161A57 /* Release */ = {
			isa = XCBuildConfiguration;
			buildSettings = {
				ALWAYS_SEARCH_USER_PATHS = NO;
				CLANG_ANALYZER_NONNULL = YES;
				CLANG_CXX_LANGUAGE_STANDARD = "gnu++0x";
				CLANG_CXX_LIBRARY = "libc++";
				CLANG_ENABLE_MODULES = YES;
				CLANG_ENABLE_OBJC_ARC = YES;
				CLANG_WARN_BOOL_CONVERSION = YES;
				CLANG_WARN_CONSTANT_CONVERSION = YES;
				CLANG_WARN_DIRECT_OBJC_ISA_USAGE = YES_ERROR;
				CLANG_WARN_DOCUMENTATION_COMMENTS = YES;
				CLANG_WARN_EMPTY_BODY = YES;
				CLANG_WARN_ENUM_CONVERSION = YES;
				CLANG_WARN_INFINITE_RECURSION = YES;
				CLANG_WARN_INT_CONVERSION = YES;
				CLANG_WARN_OBJC_ROOT_CLASS = YES_ERROR;
				CLANG_WARN_SUSPICIOUS_MOVE = YES;
				CLANG_WARN_SUSPICIOUS_MOVES = YES;
				CLANG_WARN_UNREACHABLE_CODE = YES;
				CLANG_WARN__DUPLICATE_METHOD_MATCH = YES;
				"CODE_SIGN_IDENTITY[sdk=iphoneos*]" = "iPhone Developer";
				COPY_PHASE_STRIP = NO;
				DEBUG_INFORMATION_FORMAT = "dwarf-with-dsym";
				ENABLE_NS_ASSERTIONS = NO;
				ENABLE_STRICT_OBJC_MSGSEND = YES;
				GCC_C_LANGUAGE_STANDARD = gnu99;
				GCC_NO_COMMON_BLOCKS = YES;
				GCC_WARN_64_TO_32_BIT_CONVERSION = YES;
				GCC_WARN_ABOUT_RETURN_TYPE = YES_ERROR;
				GCC_WARN_UNDECLARED_SELECTOR = YES;
				GCC_WARN_UNINITIALIZED_AUTOS = YES_AGGRESSIVE;
				GCC_WARN_UNUSED_FUNCTION = YES;
				GCC_WARN_UNUSED_VARIABLE = YES;
				IPHONEOS_DEPLOYMENT_TARGET = 10.0;
				MTL_ENABLE_DEBUG_INFO = NO;
				SDKROOT = iphoneos;
				SWIFT_OPTIMIZATION_LEVEL = "-Owholemodule";
				TARGETED_DEVICE_FAMILY = "1,2";
				VALIDATE_PRODUCT = YES;
			};
			name = Release;
		};
		111D00B51D84063400161A57 /* Debug */ = {
			isa = XCBuildConfiguration;
			baseConfigurationReference = A5E5D3F401CA6C17EED9508E /* Pods-Drinkable.debug.xcconfig */;
			buildSettings = {
				ASSETCATALOG_COMPILER_APPICON_NAME = AppIcon;
				DEVELOPMENT_TEAM = WWK47579VD;
				INFOPLIST_FILE = Drinkable/Info.plist;
				LD_RUNPATH_SEARCH_PATHS = "$(inherited) @executable_path/Frameworks";
				PRODUCT_BUNDLE_IDENTIFIER = com.datadivers.Drinkable;
				PRODUCT_NAME = "$(TARGET_NAME)";
				SWIFT_VERSION = 3.0;
			};
			name = Debug;
		};
		111D00B61D84063400161A57 /* Release */ = {
			isa = XCBuildConfiguration;
			baseConfigurationReference = 0EFAA700E3EC092BA5A53203 /* Pods-Drinkable.release.xcconfig */;
			buildSettings = {
				ASSETCATALOG_COMPILER_APPICON_NAME = AppIcon;
				DEVELOPMENT_TEAM = WWK47579VD;
				INFOPLIST_FILE = Drinkable/Info.plist;
				LD_RUNPATH_SEARCH_PATHS = "$(inherited) @executable_path/Frameworks";
				MTL_ENABLE_DEBUG_INFO = YES;
				PRODUCT_BUNDLE_IDENTIFIER = com.datadivers.Drinkable;
				PRODUCT_NAME = "$(TARGET_NAME)";
				SWIFT_VERSION = 3.0;
			};
			name = Release;
		};
		112044541D856F4F00AC6679 /* Debug */ = {
			isa = XCBuildConfiguration;
			buildSettings = {
				ALWAYS_EMBED_SWIFT_STANDARD_LIBRARIES = YES;
				ASSETCATALOG_COMPILER_APPICON_NAME = AppIcon;
				DEVELOPMENT_TEAM = WWK47579VD;
				IBSC_MODULE = DrinkableWatch_Extension;
				INFOPLIST_FILE = DrinkableWatch/Info.plist;
				PRODUCT_BUNDLE_IDENTIFIER = com.datadivers.Drinkable.watchkitapp;
				PRODUCT_NAME = "$(TARGET_NAME)";
				SDKROOT = watchos;
				SKIP_INSTALL = YES;
				SWIFT_VERSION = 3.0;
				TARGETED_DEVICE_FAMILY = 4;
				WATCHOS_DEPLOYMENT_TARGET = 3.0;
			};
			name = Debug;
		};
		112044551D856F4F00AC6679 /* Release */ = {
			isa = XCBuildConfiguration;
			buildSettings = {
				ALWAYS_EMBED_SWIFT_STANDARD_LIBRARIES = YES;
				ASSETCATALOG_COMPILER_APPICON_NAME = AppIcon;
				DEVELOPMENT_TEAM = WWK47579VD;
				IBSC_MODULE = DrinkableWatch_Extension;
				INFOPLIST_FILE = DrinkableWatch/Info.plist;
				PRODUCT_BUNDLE_IDENTIFIER = com.datadivers.Drinkable.watchkitapp;
				PRODUCT_NAME = "$(TARGET_NAME)";
				SDKROOT = watchos;
				SKIP_INSTALL = YES;
				SWIFT_VERSION = 3.0;
				TARGETED_DEVICE_FAMILY = 4;
				WATCHOS_DEPLOYMENT_TARGET = 3.0;
			};
			name = Release;
		};
		112044561D856F4F00AC6679 /* Debug */ = {
			isa = XCBuildConfiguration;
			buildSettings = {
				ASSETCATALOG_COMPILER_COMPLICATION_NAME = Complication;
				DEVELOPMENT_TEAM = WWK47579VD;
				INFOPLIST_FILE = "DrinkableWatch Extension/Info.plist";
				LD_RUNPATH_SEARCH_PATHS = "$(inherited) @executable_path/Frameworks @executable_path/../../Frameworks";
				PRODUCT_BUNDLE_IDENTIFIER = com.datadivers.Drinkable.watchkitapp.watchkitextension;
				PRODUCT_NAME = "${TARGET_NAME}";
				SDKROOT = watchos;
				SKIP_INSTALL = YES;
				SWIFT_VERSION = 3.0;
				TARGETED_DEVICE_FAMILY = 4;
				WATCHOS_DEPLOYMENT_TARGET = 3.0;
			};
			name = Debug;
		};
		112044571D856F4F00AC6679 /* Release */ = {
			isa = XCBuildConfiguration;
			buildSettings = {
				ASSETCATALOG_COMPILER_COMPLICATION_NAME = Complication;
				DEVELOPMENT_TEAM = WWK47579VD;
				INFOPLIST_FILE = "DrinkableWatch Extension/Info.plist";
				LD_RUNPATH_SEARCH_PATHS = "$(inherited) @executable_path/Frameworks @executable_path/../../Frameworks";
				PRODUCT_BUNDLE_IDENTIFIER = com.datadivers.Drinkable.watchkitapp.watchkitextension;
				PRODUCT_NAME = "${TARGET_NAME}";
				SDKROOT = watchos;
				SKIP_INSTALL = YES;
				SWIFT_VERSION = 3.0;
				TARGETED_DEVICE_FAMILY = 4;
				WATCHOS_DEPLOYMENT_TARGET = 3.0;
			};
			name = Release;
		};
/* End XCBuildConfiguration section */

/* Begin XCConfigurationList section */
		111D009D1D84063400161A57 /* Build configuration list for PBXProject "Drinkable" */ = {
			isa = XCConfigurationList;
			buildConfigurations = (
				111D00B21D84063400161A57 /* Debug */,
				111D00B31D84063400161A57 /* Release */,
			);
			defaultConfigurationIsVisible = 0;
			defaultConfigurationName = Release;
		};
		111D00B41D84063400161A57 /* Build configuration list for PBXNativeTarget "Drinkable" */ = {
			isa = XCConfigurationList;
			buildConfigurations = (
				111D00B51D84063400161A57 /* Debug */,
				111D00B61D84063400161A57 /* Release */,
			);
			defaultConfigurationIsVisible = 0;
			defaultConfigurationName = Release;
		};
		112044581D856F4F00AC6679 /* Build configuration list for PBXNativeTarget "DrinkableWatch Extension" */ = {
			isa = XCConfigurationList;
			buildConfigurations = (
				112044561D856F4F00AC6679 /* Debug */,
				112044571D856F4F00AC6679 /* Release */,
			);
			defaultConfigurationIsVisible = 0;
			defaultConfigurationName = Release;
		};
		1120445A1D856F4F00AC6679 /* Build configuration list for PBXNativeTarget "DrinkableWatch" */ = {
			isa = XCConfigurationList;
			buildConfigurations = (
				112044541D856F4F00AC6679 /* Debug */,
				112044551D856F4F00AC6679 /* Release */,
			);
			defaultConfigurationIsVisible = 0;
			defaultConfigurationName = Release;
		};
/* End XCConfigurationList section */
	};
	rootObject = 111D009A1D84063400161A57 /* Project object */;
}
